
Microsoft Visual Studio Solution File, Format Version 12.00
# Visual Studio 15
VisualStudioVersion = 15.0.27130.2027
MinimumVisualStudioVersion = 10.0.40219.1
Project("{FAE04EC0-301F-11D3-BF4B-00C04F79EFBC}") = "TelegramBotApp", "TelegramBotApp.csproj", "{355C3CC6-0237-415B-96C3-C0426090D5BA}"
EndProject
Global
	GlobalSection(SolutionConfigurationPlatforms) = preSolution
		Debug|Any CPU = Debug|Any CPU
		Release|Any CPU = Release|Any CPU
	EndGlobalSection
	GlobalSection(ProjectConfigurationPlatforms) = postSolution
		{355C3CC6-0237-415B-96C3-C0426090D5BA}.Debug|Any CPU.ActiveCfg = Debug|Any CPU
		{355C3CC6-0237-415B-96C3-C0426090D5BA}.Debug|Any CPU.Build.0 = Debug|Any CPU
		{355C3CC6-0237-415B-96C3-C0426090D5BA}.Release|Any CPU.ActiveCfg = Release|Any CPU
		{355C3CC6-0237-415B-96C3-C0426090D5BA}.Release|Any CPU.Build.0 = Release|Any CPU
	EndGlobalSection
	GlobalSection(SolutionProperties) = preSolution
		HideSolutionNode = FALSE
	EndGlobalSection
	GlobalSection(ExtensibilityGlobals) = postSolution
		SolutionGuid = {D18B28F3-E7DF-4C37-A6BB-2D219F3CCD0B}
	EndGlobalSection
EndGlobal
